# This file is autogenerated, do not edit; changes may be undone by the next 'dep ensure'.


[[projects]]
  name = "github.com/go-pg/migrations"
  packages = ["."]
  revision = "91a824bb86a910befc819700ec6e21858c41b022"
  version = "v6.2.0"

[[projects]]
  name = "github.com/go-pg/pg"
  packages = [
    ".",
    "internal",
    "internal/parser",
    "internal/pool",
    "orm",
    "types"
  ]
  revision = "c0368cd6ee62269f0a5c3d6c9c02c6d192760bc6"
  version = "v6.14.3"

[[projects]]
  branch = "master"
  name = "github.com/jinzhu/inflection"
  packages = ["."]
  revision = "04140366298a54a039076d798123ffa108fff46c"

[solve-meta]
  analyzer-name = "dep"
  analyzer-version = 1
  inputs-digest = "83b2b131c5127fda98b32c436fa6445068e6380f1f2694038b23be407c2ddf55"
  solver-name = "gps-cdcl"
  solver-version = 1
